// !$*UTF8*$!
{
	archiveVersion = 1;
	classes = {
	};
	objectVersion = 56;
	objects = {

/* Begin PBXBuildFile section */
		842B55CC2D4F7E6A008301BE /* Model.xcdatamodeld in Sources */ = {isa = PBXBuildFile; fileRef = 842B55CA2D4F7E6A008301BE /* Model.xcdatamodeld */; };
		842B55CF2D4F7F32008301BE /* BreathSession+CoreDataClass.swift in Sources */ = {isa = PBXBuildFile; fileRef = 842B55CD2D4F7F32008301BE /* BreathSession+CoreDataClass.swift */; };
		842B55D02D4F7F32008301BE /* BreathSession+CoreDataProperties.swift in Sources */ = {isa = PBXBuildFile; fileRef = 842B55CE2D4F7F32008301BE /* BreathSession+CoreDataProperties.swift */; };
		84621B772D46EC0B0005F339 /* AppDelegate.swift in Sources */ = {isa = PBXBuildFile; fileRef = 84621B762D46EC0B0005F339 /* AppDelegate.swift */; };
		84621B792D46EC0B0005F339 /* SceneDelegate.swift in Sources */ = {isa = PBXBuildFile; fileRef = 84621B782D46EC0B0005F339 /* SceneDelegate.swift */; };
		84621B812D46EC0B0005F339 /* Inhale15.xcdatamodeld in Sources */ = {isa = PBXBuildFile; fileRef = 84621B7F2D46EC0B0005F339 /* Inhale15.xcdatamodeld */; };
		84621B832D46EC100005F339 /* Assets.xcassets in Resources */ = {isa = PBXBuildFile; fileRef = 84621B822D46EC100005F339 /* Assets.xcassets */; };
		84621B862D46EC100005F339 /* LaunchScreen.storyboard in Resources */ = {isa = PBXBuildFile; fileRef = 84621B842D46EC100005F339 /* LaunchScreen.storyboard */; };
		84621B912D46EC110005F339 /* Inhale15Tests.swift in Sources */ = {isa = PBXBuildFile; fileRef = 84621B902D46EC110005F339 /* Inhale15Tests.swift */; };
		84621B9B2D46EC110005F339 /* Inhale15UITests.swift in Sources */ = {isa = PBXBuildFile; fileRef = 84621B9A2D46EC110005F339 /* Inhale15UITests.swift */; };
		84621B9D2D46EC110005F339 /* Inhale15UITestsLaunchTests.swift in Sources */ = {isa = PBXBuildFile; fileRef = 84621B9C2D46EC110005F339 /* Inhale15UITestsLaunchTests.swift */; };
		84621BAB2D46EE830005F339 /* SnapKit in Frameworks */ = {isa = PBXBuildFile; productRef = 84621BAA2D46EE830005F339 /* SnapKit */; };
		84829D1D2D4AD2BA0009CC11 /* Animation - 1727784149695.json in Resources */ = {isa = PBXBuildFile; fileRef = 84829D1C2D4AD2BA0009CC11 /* Animation - 1727784149695.json */; };
		84829D202D4AD64A0009CC11 /* Lottie in Frameworks */ = {isa = PBXBuildFile; productRef = 84829D1F2D4AD64A0009CC11 /* Lottie */; };
		84829D222D4ADEFC0009CC11 /* SplashViewModel.swift in Sources */ = {isa = PBXBuildFile; fileRef = 84829D212D4ADEFC0009CC11 /* SplashViewModel.swift */; };
		84829D242D4C2C700009CC11 /* InstructionViewModel.swift in Sources */ = {isa = PBXBuildFile; fileRef = 84829D232D4C2C700009CC11 /* InstructionViewModel.swift */; };
		84B2465E2D4AC641009A3963 /* SplashViewController.swift in Sources */ = {isa = PBXBuildFile; fileRef = 84B2465D2D4AC641009A3963 /* SplashViewController.swift */; };
		84B246602D4AC65A009A3963 /* InstructionViewController.swift in Sources */ = {isa = PBXBuildFile; fileRef = 84B2465F2D4AC65A009A3963 /* InstructionViewController.swift */; };
		84B246622D4AC66B009A3963 /* TimerViewController.swift in Sources */ = {isa = PBXBuildFile; fileRef = 84B246612D4AC66B009A3963 /* TimerViewController.swift */; };
		84B246642D4AC68C009A3963 /* StatsViewController.swift in Sources */ = {isa = PBXBuildFile; fileRef = 84B246632D4AC68C009A3963 /* StatsViewController.swift */; };
/* End PBXBuildFile section */

/* Begin PBXContainerItemProxy section */
		84621B8D2D46EC110005F339 /* PBXContainerItemProxy */ = {
			isa = PBXContainerItemProxy;
			containerPortal = 84621B6B2D46EC0B0005F339 /* Project object */;
			proxyType = 1;
			remoteGlobalIDString = 84621B722D46EC0B0005F339;
			remoteInfo = Inhale15;
		};
		84621B972D46EC110005F339 /* PBXContainerItemProxy */ = {
			isa = PBXContainerItemProxy;
			containerPortal = 84621B6B2D46EC0B0005F339 /* Project object */;
			proxyType = 1;
			remoteGlobalIDString = 84621B722D46EC0B0005F339;
			remoteInfo = Inhale15;
		};
/* End PBXContainerItemProxy section */

/* Begin PBXFileReference section */
		842B55CB2D4F7E6A008301BE /* Model.xcdatamodel */ = {isa = PBXFileReference; lastKnownFileType = wrapper.xcdatamodel; path = Model.xcdatamodel; sourceTree = "<group>"; };
		842B55CD2D4F7F32008301BE /* BreathSession+CoreDataClass.swift */ = {isa = PBXFileReference; lastKnownFileType = sourcecode.swift; path = "BreathSession+CoreDataClass.swift"; sourceTree = "<group>"; };
		842B55CE2D4F7F32008301BE /* BreathSession+CoreDataProperties.swift */ = {isa = PBXFileReference; lastKnownFileType = sourcecode.swift; path = "BreathSession+CoreDataProperties.swift"; sourceTree = "<group>"; };
		84621B732D46EC0B0005F339 /* Inhale15.app */ = {isa = PBXFileReference; explicitFileType = wrapper.application; includeInIndex = 0; path = Inhale15.app; sourceTree = BUILT_PRODUCTS_DIR; };
		84621B762D46EC0B0005F339 /* AppDelegate.swift */ = {isa = PBXFileReference; lastKnownFileType = sourcecode.swift; path = AppDelegate.swift; sourceTree = "<group>"; };
		84621B782D46EC0B0005F339 /* SceneDelegate.swift */ = {isa = PBXFileReference; lastKnownFileType = sourcecode.swift; path = SceneDelegate.swift; sourceTree = "<group>"; };
		84621B802D46EC0B0005F339 /* Inhale15.xcdatamodel */ = {isa = PBXFileReference; lastKnownFileType = wrapper.xcdatamodel; path = Inhale15.xcdatamodel; sourceTree = "<group>"; };
		84621B822D46EC100005F339 /* Assets.xcassets */ = {isa = PBXFileReference; lastKnownFileType = folder.assetcatalog; path = Assets.xcassets; sourceTree = "<group>"; };
		84621B852D46EC100005F339 /* Base */ = {isa = PBXFileReference; lastKnownFileType = file.storyboard; name = Base; path = Base.lproj/LaunchScreen.storyboard; sourceTree = "<group>"; };
		84621B872D46EC100005F339 /* Info.plist */ = {isa = PBXFileReference; lastKnownFileType = text.plist.xml; path = Info.plist; sourceTree = "<group>"; };
		84621B8C2D46EC110005F339 /* Inhale15Tests.xctest */ = {isa = PBXFileReference; explicitFileType = wrapper.cfbundle; includeInIndex = 0; path = Inhale15Tests.xctest; sourceTree = BUILT_PRODUCTS_DIR; };
		84621B902D46EC110005F339 /* Inhale15Tests.swift */ = {isa = PBXFileReference; lastKnownFileType = sourcecode.swift; path = Inhale15Tests.swift; sourceTree = "<group>"; };
		84621B962D46EC110005F339 /* Inhale15UITests.xctest */ = {isa = PBXFileReference; explicitFileType = wrapper.cfbundle; includeInIndex = 0; path = Inhale15UITests.xctest; sourceTree = BUILT_PRODUCTS_DIR; };
		84621B9A2D46EC110005F339 /* Inhale15UITests.swift */ = {isa = PBXFileReference; lastKnownFileType = sourcecode.swift; path = Inhale15UITests.swift; sourceTree = "<group>"; };
		84621B9C2D46EC110005F339 /* Inhale15UITestsLaunchTests.swift */ = {isa = PBXFileReference; lastKnownFileType = sourcecode.swift; path = Inhale15UITestsLaunchTests.swift; sourceTree = "<group>"; };
		84829D1C2D4AD2BA0009CC11 /* Animation - 1727784149695.json */ = {isa = PBXFileReference; fileEncoding = 4; lastKnownFileType = text.json; path = "Animation - 1727784149695.json"; sourceTree = "<group>"; };
		84829D212D4ADEFC0009CC11 /* SplashViewModel.swift */ = {isa = PBXFileReference; lastKnownFileType = sourcecode.swift; path = SplashViewModel.swift; sourceTree = "<group>"; };
		84829D232D4C2C700009CC11 /* InstructionViewModel.swift */ = {isa = PBXFileReference; lastKnownFileType = sourcecode.swift; path = InstructionViewModel.swift; sourceTree = "<group>"; };
		84B2465D2D4AC641009A3963 /* SplashViewController.swift */ = {isa = PBXFileReference; lastKnownFileType = sourcecode.swift; path = SplashViewController.swift; sourceTree = "<group>"; };
		84B2465F2D4AC65A009A3963 /* InstructionViewController.swift */ = {isa = PBXFileReference; lastKnownFileType = sourcecode.swift; path = InstructionViewController.swift; sourceTree = "<group>"; };
		84B246612D4AC66B009A3963 /* TimerViewController.swift */ = {isa = PBXFileReference; lastKnownFileType = sourcecode.swift; path = TimerViewController.swift; sourceTree = "<group>"; };
		84B246632D4AC68C009A3963 /* StatsViewController.swift */ = {isa = PBXFileReference; lastKnownFileType = sourcecode.swift; path = StatsViewController.swift; sourceTree = "<group>"; };
/* End PBXFileReference section */

/* Begin PBXFrameworksBuildPhase section */
		84621B702D46EC0B0005F339 /* Frameworks */ = {
			isa = PBXFrameworksBuildPhase;
			buildActionMask = 2147483647;
			files = (
				84621BAB2D46EE830005F339 /* SnapKit in Frameworks */,
				84829D202D4AD64A0009CC11 /* Lottie in Frameworks */,
			);
			runOnlyForDeploymentPostprocessing = 0;
		};
		84621B892D46EC110005F339 /* Frameworks */ = {
			isa = PBXFrameworksBuildPhase;
			buildActionMask = 2147483647;
			files = (
			);
			runOnlyForDeploymentPostprocessing = 0;
		};
		84621B932D46EC110005F339 /* Frameworks */ = {
			isa = PBXFrameworksBuildPhase;
			buildActionMask = 2147483647;
			files = (
			);
			runOnlyForDeploymentPostprocessing = 0;
		};
/* End PBXFrameworksBuildPhase section */

/* Begin PBXGroup section */
		84621B6A2D46EC0B0005F339 = {
			isa = PBXGroup;
			children = (
				842B55CD2D4F7F32008301BE /* BreathSession+CoreDataClass.swift */,
				842B55CE2D4F7F32008301BE /* BreathSession+CoreDataProperties.swift */,
				842B55CA2D4F7E6A008301BE /* Model.xcdatamodeld */,
				84621B752D46EC0B0005F339 /* Inhale15 */,
				84621B8F2D46EC110005F339 /* Inhale15Tests */,
				84621B992D46EC110005F339 /* Inhale15UITests */,
				84621B742D46EC0B0005F339 /* Products */,
			);
			sourceTree = "<group>";
		};
		84621B742D46EC0B0005F339 /* Products */ = {
			isa = PBXGroup;
			children = (
				84621B732D46EC0B0005F339 /* Inhale15.app */,
				84621B8C2D46EC110005F339 /* Inhale15Tests.xctest */,
				84621B962D46EC110005F339 /* Inhale15UITests.xctest */,
			);
			name = Products;
			sourceTree = "<group>";
		};
		84621B752D46EC0B0005F339 /* Inhale15 */ = {
			isa = PBXGroup;
			children = (
				84B246592D4AC543009A3963 /* Views */,
				84B246572D4AC51F009A3963 /* Models */,
				84B246582D4AC52D009A3963 /* ViewModels */,
				84B2465A2D4AC54F009A3963 /* Services */,
				84B2465C2D4AC566009A3963 /* Resources */,
				84B2465B2D4AC55B009A3963 /* Helpers */,
				84621B762D46EC0B0005F339 /* AppDelegate.swift */,
				84621B782D46EC0B0005F339 /* SceneDelegate.swift */,
				84621B822D46EC100005F339 /* Assets.xcassets */,
				84621B872D46EC100005F339 /* Info.plist */,
				84621B7F2D46EC0B0005F339 /* Inhale15.xcdatamodeld */,
			);
			path = Inhale15;
			sourceTree = "<group>";
		};
		84621B8F2D46EC110005F339 /* Inhale15Tests */ = {
			isa = PBXGroup;
			children = (
				84621B902D46EC110005F339 /* Inhale15Tests.swift */,
			);
			path = Inhale15Tests;
			sourceTree = "<group>";
		};
		84621B992D46EC110005F339 /* Inhale15UITests */ = {
			isa = PBXGroup;
			children = (
				84621B9A2D46EC110005F339 /* Inhale15UITests.swift */,
				84621B9C2D46EC110005F339 /* Inhale15UITestsLaunchTests.swift */,
			);
			path = Inhale15UITests;
			sourceTree = "<group>";
		};
		84B246572D4AC51F009A3963 /* Models */ = {
			isa = PBXGroup;
			children = (
			);
			path = Models;
			sourceTree = "<group>";
		};
		84B246582D4AC52D009A3963 /* ViewModels */ = {
			isa = PBXGroup;
			children = (
				84829D212D4ADEFC0009CC11 /* SplashViewModel.swift */,
				84829D232D4C2C700009CC11 /* InstructionViewModel.swift */,
			);
			path = ViewModels;
			sourceTree = "<group>";
		};
		84B246592D4AC543009A3963 /* Views */ = {
			isa = PBXGroup;
			children = (
				84B2465D2D4AC641009A3963 /* SplashViewController.swift */,
				84B2465F2D4AC65A009A3963 /* InstructionViewController.swift */,
				84B246612D4AC66B009A3963 /* TimerViewController.swift */,
				84B246632D4AC68C009A3963 /* StatsViewController.swift */,
			);
			path = Views;
			sourceTree = "<group>";
		};
		84B2465A2D4AC54F009A3963 /* Services */ = {
			isa = PBXGroup;
			children = (
			);
			path = Services;
			sourceTree = "<group>";
		};
		84B2465B2D4AC55B009A3963 /* Helpers */ = {
			isa = PBXGroup;
			children = (
			);
			path = Helpers;
			sourceTree = "<group>";
		};
		84B2465C2D4AC566009A3963 /* Resources */ = {
			isa = PBXGroup;
			children = (
				84829D1C2D4AD2BA0009CC11 /* Animation - 1727784149695.json */,
				84621B842D46EC100005F339 /* LaunchScreen.storyboard */,
			);
			path = Resources;
			sourceTree = "<group>";
		};
/* End PBXGroup section */

/* Begin PBXNativeTarget section */
		84621B722D46EC0B0005F339 /* Inhale15 */ = {
			isa = PBXNativeTarget;
			buildConfigurationList = 84621BA02D46EC110005F339 /* Build configuration list for PBXNativeTarget "Inhale15" */;
			buildPhases = (
				84621B6F2D46EC0B0005F339 /* Sources */,
				84621B702D46EC0B0005F339 /* Frameworks */,
				84621B712D46EC0B0005F339 /* Resources */,
			);
			buildRules = (
			);
			dependencies = (
			);
			name = Inhale15;
			packageProductDependencies = (
				84621BAA2D46EE830005F339 /* SnapKit */,
				84829D1F2D4AD64A0009CC11 /* Lottie */,
			);
			productName = Inhale15;
			productReference = 84621B732D46EC0B0005F339 /* Inhale15.app */;
			productType = "com.apple.product-type.application";
		};
		84621B8B2D46EC110005F339 /* Inhale15Tests */ = {
			isa = PBXNativeTarget;
			buildConfigurationList = 84621BA32D46EC110005F339 /* Build configuration list for PBXNativeTarget "Inhale15Tests" */;
			buildPhases = (
				84621B882D46EC110005F339 /* Sources */,
				84621B892D46EC110005F339 /* Frameworks */,
				84621B8A2D46EC110005F339 /* Resources */,
			);
			buildRules = (
			);
			dependencies = (
				84621B8E2D46EC110005F339 /* PBXTargetDependency */,
			);
			name = Inhale15Tests;
			productName = Inhale15Tests;
			productReference = 84621B8C2D46EC110005F339 /* Inhale15Tests.xctest */;
			productType = "com.apple.product-type.bundle.unit-test";
		};
		84621B952D46EC110005F339 /* Inhale15UITests */ = {
			isa = PBXNativeTarget;
			buildConfigurationList = 84621BA62D46EC110005F339 /* Build configuration list for PBXNativeTarget "Inhale15UITests" */;
			buildPhases = (
				84621B922D46EC110005F339 /* Sources */,
				84621B932D46EC110005F339 /* Frameworks */,
				84621B942D46EC110005F339 /* Resources */,
			);
			buildRules = (
			);
			dependencies = (
				84621B982D46EC110005F339 /* PBXTargetDependency */,
			);
			name = Inhale15UITests;
			productName = Inhale15UITests;
			productReference = 84621B962D46EC110005F339 /* Inhale15UITests.xctest */;
			productType = "com.apple.product-type.bundle.ui-testing";
		};
/* End PBXNativeTarget section */

/* Begin PBXProject section */
		84621B6B2D46EC0B0005F339 /* Project object */ = {
			isa = PBXProject;
			attributes = {
				BuildIndependentTargetsInParallel = 1;
				LastSwiftUpdateCheck = 1420;
				LastUpgradeCheck = 1420;
				TargetAttributes = {
					84621B722D46EC0B0005F339 = {
						CreatedOnToolsVersion = 14.2;
					};
					84621B8B2D46EC110005F339 = {
						CreatedOnToolsVersion = 14.2;
						TestTargetID = 84621B722D46EC0B0005F339;
					};
					84621B952D46EC110005F339 = {
						CreatedOnToolsVersion = 14.2;
						TestTargetID = 84621B722D46EC0B0005F339;
					};
				};
			};
			buildConfigurationList = 84621B6E2D46EC0B0005F339 /* Build configuration list for PBXProject "Inhale15" */;
			compatibilityVersion = "Xcode 14.0";
			developmentRegion = en;
			hasScannedForEncodings = 0;
			knownRegions = (
				en,
				Base,
			);
			mainGroup = 84621B6A2D46EC0B0005F339;
			packageReferences = (
				84621BA92D46EE830005F339 /* XCRemoteSwiftPackageReference "SnapKit" */,
				84829D1E2D4AD64A0009CC11 /* XCRemoteSwiftPackageReference "lottie-ios" */,
			);
			productRefGroup = 84621B742D46EC0B0005F339 /* Products */;
			projectDirPath = "";
			projectRoot = "";
			targets = (
				84621B722D46EC0B0005F339 /* Inhale15 */,
				84621B8B2D46EC110005F339 /* Inhale15Tests */,
				84621B952D46EC110005F339 /* Inhale15UITests */,
			);
		};
/* End PBXProject section */

/* Begin PBXResourcesBuildPhase section */
		84621B712D46EC0B0005F339 /* Resources */ = {
			isa = PBXResourcesBuildPhase;
			buildActionMask = 2147483647;
			files = (
				84621B862D46EC100005F339 /* LaunchScreen.storyboard in Resources */,
				84621B832D46EC100005F339 /* Assets.xcassets in Resources */,
				84829D1D2D4AD2BA0009CC11 /* Animation - 1727784149695.json in Resources */,
			);
			runOnlyForDeploymentPostprocessing = 0;
		};
		84621B8A2D46EC110005F339 /* Resources */ = {
			isa = PBXResourcesBuildPhase;
			buildActionMask = 2147483647;
			files = (
			);
			runOnlyForDeploymentPostprocessing = 0;
		};
		84621B942D46EC110005F339 /* Resources */ = {
			isa = PBXResourcesBuildPhase;
			buildActionMask = 2147483647;
			files = (
			);
			runOnlyForDeploymentPostprocessing = 0;
		};
/* End PBXResourcesBuildPhase section */

/* Begin PBXSourcesBuildPhase section */
		84621B6F2D46EC0B0005F339 /* Sources */ = {
			isa = PBXSourcesBuildPhase;
			buildActionMask = 2147483647;
			files = (
				84B246602D4AC65A009A3963 /* InstructionViewController.swift in Sources */,
				84621B812D46EC0B0005F339 /* Inhale15.xcdatamodeld in Sources */,
				84621B772D46EC0B0005F339 /* AppDelegate.swift in Sources */,
				842B55CF2D4F7F32008301BE /* BreathSession+CoreDataClass.swift in Sources */,
				84621B792D46EC0B0005F339 /* SceneDelegate.swift in Sources */,
				84B246642D4AC68C009A3963 /* StatsViewController.swift in Sources */,
				84B246622D4AC66B009A3963 /* TimerViewController.swift in Sources */,
				84829D242D4C2C700009CC11 /* InstructionViewModel.swift in Sources */,
				842B55CC2D4F7E6A008301BE /* Model.xcdatamodeld in Sources */,
				84B2465E2D4AC641009A3963 /* SplashViewController.swift in Sources */,
				842B55D02D4F7F32008301BE /* BreathSession+CoreDataProperties.swift in Sources */,
				84829D222D4ADEFC0009CC11 /* SplashViewModel.swift in Sources */,
			);
			runOnlyForDeploymentPostprocessing = 0;
		};
		84621B882D46EC110005F339 /* Sources */ = {
			isa = PBXSourcesBuildPhase;
			buildActionMask = 2147483647;
			files = (
				84621B912D46EC110005F339 /* Inhale15Tests.swift in Sources */,
			);
			runOnlyForDeploymentPostprocessing = 0;
		};
		84621B922D46EC110005F339 /* Sources */ = {
			isa = PBXSourcesBuildPhase;
			buildActionMask = 2147483647;
			files = (
				84621B9D2D46EC110005F339 /* Inhale15UITestsLaunchTests.swift in Sources */,
				84621B9B2D46EC110005F339 /* Inhale15UITests.swift in Sources */,
			);
			runOnlyForDeploymentPostprocessing = 0;
		};
/* End PBXSourcesBuildPhase section */

/* Begin PBXTargetDependency section */
		84621B8E2D46EC110005F339 /* PBXTargetDependency */ = {
			isa = PBXTargetDependency;
			target = 84621B722D46EC0B0005F339 /* Inhale15 */;
			targetProxy = 84621B8D2D46EC110005F339 /* PBXContainerItemProxy */;
		};
		84621B982D46EC110005F339 /* PBXTargetDependency */ = {
			isa = PBXTargetDependency;
			target = 84621B722D46EC0B0005F339 /* Inhale15 */;
			targetProxy = 84621B972D46EC110005F339 /* PBXContainerItemProxy */;
		};
/* End PBXTargetDependency section */

/* Begin PBXVariantGroup section */
		84621B842D46EC100005F339 /* LaunchScreen.storyboard */ = {
			isa = PBXVariantGroup;
			children = (
				84621B852D46EC100005F339 /* Base */,
			);
			name = LaunchScreen.storyboard;
			sourceTree = "<group>";
		};
/* End PBXVariantGroup section */

/* Begin XCBuildConfiguration section */
		84621B9E2D46EC110005F339 /* Debug */ = {
			isa = XCBuildConfiguration;
			buildSettings = {
				ALWAYS_SEARCH_USER_PATHS = NO;
				CLANG_ANALYZER_NONNULL = YES;
				CLANG_ANALYZER_NUMBER_OBJECT_CONVERSION = YES_AGGRESSIVE;
				CLANG_CXX_LANGUAGE_STANDARD = "gnu++20";
				CLANG_ENABLE_MODULES = YES;
				CLANG_ENABLE_OBJC_ARC = YES;
				CLANG_ENABLE_OBJC_WEAK = YES;
				CLANG_WARN_BLOCK_CAPTURE_AUTORELEASING = YES;
				CLANG_WARN_BOOL_CONVERSION = YES;
				CLANG_WARN_COMMA = YES;
				CLANG_WARN_CONSTANT_CONVERSION = YES;
				CLANG_WARN_DEPRECATED_OBJC_IMPLEMENTATIONS = YES;
				CLANG_WARN_DIRECT_OBJC_ISA_USAGE = YES_ERROR;
				CLANG_WARN_DOCUMENTATION_COMMENTS = YES;
				CLANG_WARN_EMPTY_BODY = YES;
				CLANG_WARN_ENUM_CONVERSION = YES;
				CLANG_WARN_INFINITE_RECURSION = YES;
				CLANG_WARN_INT_CONVERSION = YES;
				CLANG_WARN_NON_LITERAL_NULL_CONVERSION = YES;
				CLANG_WARN_OBJC_IMPLICIT_RETAIN_SELF = YES;
				CLANG_WARN_OBJC_LITERAL_CONVERSION = YES;
				CLANG_WARN_OBJC_ROOT_CLASS = YES_ERROR;
				CLANG_WARN_QUOTED_INCLUDE_IN_FRAMEWORK_HEADER = YES;
				CLANG_WARN_RANGE_LOOP_ANALYSIS = YES;
				CLANG_WARN_STRICT_PROTOTYPES = YES;
				CLANG_WARN_SUSPICIOUS_MOVE = YES;
				CLANG_WARN_UNGUARDED_AVAILABILITY = YES_AGGRESSIVE;
				CLANG_WARN_UNREACHABLE_CODE = YES;
				CLANG_WARN__DUPLICATE_METHOD_MATCH = YES;
				COPY_PHASE_STRIP = NO;
				DEBUG_INFORMATION_FORMAT = dwarf;
				ENABLE_STRICT_OBJC_MSGSEND = YES;
				ENABLE_TESTABILITY = YES;
				GCC_C_LANGUAGE_STANDARD = gnu11;
				GCC_DYNAMIC_NO_PIC = NO;
				GCC_NO_COMMON_BLOCKS = YES;
				GCC_OPTIMIZATION_LEVEL = 0;
				GCC_PREPROCESSOR_DEFINITIONS = (
					"DEBUG=1",
					"$(inherited)",
				);
				GCC_WARN_64_TO_32_BIT_CONVERSION = YES;
				GCC_WARN_ABOUT_RETURN_TYPE = YES_ERROR;
				GCC_WARN_UNDECLARED_SELECTOR = YES;
				GCC_WARN_UNINITIALIZED_AUTOS = YES_AGGRESSIVE;
				GCC_WARN_UNUSED_FUNCTION = YES;
				GCC_WARN_UNUSED_VARIABLE = YES;
				IPHONEOS_DEPLOYMENT_TARGET = 16.2;
				MTL_ENABLE_DEBUG_INFO = INCLUDE_SOURCE;
				MTL_FAST_MATH = YES;
				ONLY_ACTIVE_ARCH = YES;
				SDKROOT = iphoneos;
				SWIFT_ACTIVE_COMPILATION_CONDITIONS = DEBUG;
				SWIFT_OPTIMIZATION_LEVEL = "-Onone";
			};
			name = Debug;
		};
		84621B9F2D46EC110005F339 /* Release */ = {
			isa = XCBuildConfiguration;
			buildSettings = {
				ALWAYS_SEARCH_USER_PATHS = NO;
				CLANG_ANALYZER_NONNULL = YES;
				CLANG_ANALYZER_NUMBER_OBJECT_CONVERSION = YES_AGGRESSIVE;
				CLANG_CXX_LANGUAGE_STANDARD = "gnu++20";
				CLANG_ENABLE_MODULES = YES;
				CLANG_ENABLE_OBJC_ARC = YES;
				CLANG_ENABLE_OBJC_WEAK = YES;
				CLANG_WARN_BLOCK_CAPTURE_AUTORELEASING = YES;
				CLANG_WARN_BOOL_CONVERSION = YES;
				CLANG_WARN_COMMA = YES;
				CLANG_WARN_CONSTANT_CONVERSION = YES;
				CLANG_WARN_DEPRECATED_OBJC_IMPLEMENTATIONS = YES;
				CLANG_WARN_DIRECT_OBJC_ISA_USAGE = YES_ERROR;
				CLANG_WARN_DOCUMENTATION_COMMENTS = YES;
				CLANG_WARN_EMPTY_BODY = YES;
				CLANG_WARN_ENUM_CONVERSION = YES;
				CLANG_WARN_INFINITE_RECURSION = YES;
				CLANG_WARN_INT_CONVERSION = YES;
				CLANG_WARN_NON_LITERAL_NULL_CONVERSION = YES;
				CLANG_WARN_OBJC_IMPLICIT_RETAIN_SELF = YES;
				CLANG_WARN_OBJC_LITERAL_CONVERSION = YES;
				CLANG_WARN_OBJC_ROOT_CLASS = YES_ERROR;
				CLANG_WARN_QUOTED_INCLUDE_IN_FRAMEWORK_HEADER = YES;
				CLANG_WARN_RANGE_LOOP_ANALYSIS = YES;
				CLANG_WARN_STRICT_PROTOTYPES = YES;
				CLANG_WARN_SUSPICIOUS_MOVE = YES;
				CLANG_WARN_UNGUARDED_AVAILABILITY = YES_AGGRESSIVE;
				CLANG_WARN_UNREACHABLE_CODE = YES;
				CLANG_WARN__DUPLICATE_METHOD_MATCH = YES;
				COPY_PHASE_STRIP = NO;
				DEBUG_INFORMATION_FORMAT = "dwarf-with-dsym";
				ENABLE_NS_ASSERTIONS = NO;
				ENABLE_STRICT_OBJC_MSGSEND = YES;
				GCC_C_LANGUAGE_STANDARD = gnu11;
				GCC_NO_COMMON_BLOCKS = YES;
				GCC_WARN_64_TO_32_BIT_CONVERSION = YES;
				GCC_WARN_ABOUT_RETURN_TYPE = YES_ERROR;
				GCC_WARN_UNDECLARED_SELECTOR = YES;
				GCC_WARN_UNINITIALIZED_AUTOS = YES_AGGRESSIVE;
				GCC_WARN_UNUSED_FUNCTION = YES;
				GCC_WARN_UNUSED_VARIABLE = YES;
				IPHONEOS_DEPLOYMENT_TARGET = 16.2;
				MTL_ENABLE_DEBUG_INFO = NO;
				MTL_FAST_MATH = YES;
				SDKROOT = iphoneos;
				SWIFT_COMPILATION_MODE = wholemodule;
				SWIFT_OPTIMIZATION_LEVEL = "-O";
				VALIDATE_PRODUCT = YES;
			};
			name = Release;
		};
		84621BA12D46EC110005F339 /* Debug */ = {
			isa = XCBuildConfiguration;
			buildSettings = {
				ASSETCATALOG_COMPILER_APPICON_NAME = AppIcon;
				ASSETCATALOG_COMPILER_GLOBAL_ACCENT_COLOR_NAME = AccentColor;
				CODE_SIGN_STYLE = Automatic;
				CURRENT_PROJECT_VERSION = 1;
				DEVELOPMENT_TEAM = JFAZT5D23U;
				GENERATE_INFOPLIST_FILE = YES;
				INFOPLIST_FILE = Inhale15/Info.plist;
				INFOPLIST_KEY_UIApplicationSupportsIndirectInputEvents = YES;
				INFOPLIST_KEY_UILaunchStoryboardName = LaunchScreen;
				INFOPLIST_KEY_UISupportedInterfaceOrientations_iPad = "UIInterfaceOrientationPortrait UIInterfaceOrientationPortraitUpsideDown UIInterfaceOrientationLandscapeLeft UIInterfaceOrientationLandscapeRight";
				INFOPLIST_KEY_UISupportedInterfaceOrientations_iPhone = "UIInterfaceOrientationPortrait UIInterfaceOrientationLandscapeLeft UIInterfaceOrientationLandscapeRight";
				LD_RUNPATH_SEARCH_PATHS = (
					"$(inherited)",
					"@executable_path/Frameworks",
				);
				MARKETING_VERSION = 1.0;
				PRODUCT_BUNDLE_IDENTIFIER = ValeryLoiko.Inhale15;
				PRODUCT_NAME = "$(TARGET_NAME)";
				SWIFT_EMIT_LOC_STRINGS = YES;
				SWIFT_VERSION = 5.0;
				TARGETED_DEVICE_FAMILY = "1,2";
			};
			name = Debug;
		};
		84621BA22D46EC110005F339 /* Release */ = {
			isa = XCBuildConfiguration;
			buildSettings = {
				ASSETCATALOG_COMPILER_APPICON_NAME = AppIcon;
				ASSETCATALOG_COMPILER_GLOBAL_ACCENT_COLOR_NAME = AccentColor;
				CODE_SIGN_STYLE = Automatic;
				CURRENT_PROJECT_VERSION = 1;
				DEVELOPMENT_TEAM = JFAZT5D23U;
				GENERATE_INFOPLIST_FILE = YES;
				INFOPLIST_FILE = Inhale15/Info.plist;
				INFOPLIST_KEY_UIApplicationSupportsIndirectInputEvents = YES;
				INFOPLIST_KEY_UILaunchStoryboardName = LaunchScreen;
				INFOPLIST_KEY_UISupportedInterfaceOrientations_iPad = "UIInterfaceOrientationPortrait UIInterfaceOrientationPortraitUpsideDown UIInterfaceOrientationLandscapeLeft UIInterfaceOrientationLandscapeRight";
				INFOPLIST_KEY_UISupportedInterfaceOrientations_iPhone = "UIInterfaceOrientationPortrait UIInterfaceOrientationLandscapeLeft UIInterfaceOrientationLandscapeRight";
				LD_RUNPATH_SEARCH_PATHS = (
					"$(inherited)",
					"@executable_path/Frameworks",
				);
				MARKETING_VERSION = 1.0;
				PRODUCT_BUNDLE_IDENTIFIER = ValeryLoiko.Inhale15;
				PRODUCT_NAME = "$(TARGET_NAME)";
				SWIFT_EMIT_LOC_STRINGS = YES;
				SWIFT_VERSION = 5.0;
				TARGETED_DEVICE_FAMILY = "1,2";
			};
			name = Release;
		};
		84621BA42D46EC110005F339 /* Debug */ = {
			isa = XCBuildConfiguration;
			buildSettings = {
				ALWAYS_EMBED_SWIFT_STANDARD_LIBRARIES = YES;
				BUNDLE_LOADER = "$(TEST_HOST)";
				CODE_SIGN_STYLE = Automatic;
				CURRENT_PROJECT_VERSION = 1;
				DEVELOPMENT_TEAM = JFAZT5D23U;
				GENERATE_INFOPLIST_FILE = YES;
				IPHONEOS_DEPLOYMENT_TARGET = 16.2;
				MARKETING_VERSION = 1.0;
				PRODUCT_BUNDLE_IDENTIFIER = ValeryLoiko.Inhale15Tests;
				PRODUCT_NAME = "$(TARGET_NAME)";
				SWIFT_EMIT_LOC_STRINGS = NO;
				SWIFT_VERSION = 5.0;
				TARGETED_DEVICE_FAMILY = "1,2";
				TEST_HOST = "$(BUILT_PRODUCTS_DIR)/Inhale15.app/$(BUNDLE_EXECUTABLE_FOLDER_PATH)/Inhale15";
			};
			name = Debug;
		};
		84621BA52D46EC110005F339 /* Release */ = {
			isa = XCBuildConfiguration;
			buildSettings = {
				ALWAYS_EMBED_SWIFT_STANDARD_LIBRARIES = YES;
				BUNDLE_LOADER = "$(TEST_HOST)";
				CODE_SIGN_STYLE = Automatic;
				CURRENT_PROJECT_VERSION = 1;
				DEVELOPMENT_TEAM = JFAZT5D23U;
				GENERATE_INFOPLIST_FILE = YES;
				IPHONEOS_DEPLOYMENT_TARGET = 16.2;
				MARKETING_VERSION = 1.0;
				PRODUCT_BUNDLE_IDENTIFIER = ValeryLoiko.Inhale15Tests;
				PRODUCT_NAME = "$(TARGET_NAME)";
				SWIFT_EMIT_LOC_STRINGS = NO;
				SWIFT_VERSION = 5.0;
				TARGETED_DEVICE_FAMILY = "1,2";
				TEST_HOST = "$(BUILT_PRODUCTS_DIR)/Inhale15.app/$(BUNDLE_EXECUTABLE_FOLDER_PATH)/Inhale15";
			};
			name = Release;
		};
		84621BA72D46EC110005F339 /* Debug */ = {
			isa = XCBuildConfiguration;
			buildSettings = {
				ALWAYS_EMBED_SWIFT_STANDARD_LIBRARIES = YES;
				CODE_SIGN_STYLE = Automatic;
				CURRENT_PROJECT_VERSION = 1;
				DEVELOPMENT_TEAM = JFAZT5D23U;
				GENERATE_INFOPLIST_FILE = YES;
				MARKETING_VERSION = 1.0;
				PRODUCT_BUNDLE_IDENTIFIER = ValeryLoiko.Inhale15UITests;
				PRODUCT_NAME = "$(TARGET_NAME)";
				SWIFT_EMIT_LOC_STRINGS = NO;
				SWIFT_VERSION = 5.0;
				TARGETED_DEVICE_FAMILY = "1,2";
				TEST_TARGET_NAME = Inhale15;
			};
			name = Debug;
		};
		84621BA82D46EC110005F339 /* Release */ = {
			isa = XCBuildConfiguration;
			buildSettings = {
				ALWAYS_EMBED_SWIFT_STANDARD_LIBRARIES = YES;
				CODE_SIGN_STYLE = Automatic;
				CURRENT_PROJECT_VERSION = 1;
				DEVELOPMENT_TEAM = JFAZT5D23U;
				GENERATE_INFOPLIST_FILE = YES;
				MARKETING_VERSION = 1.0;
				PRODUCT_BUNDLE_IDENTIFIER = ValeryLoiko.Inhale15UITests;
				PRODUCT_NAME = "$(TARGET_NAME)";
				SWIFT_EMIT_LOC_STRINGS = NO;
				SWIFT_VERSION = 5.0;
				TARGETED_DEVICE_FAMILY = "1,2";
				TEST_TARGET_NAME = Inhale15;
			};
			name = Release;
		};
/* End XCBuildConfiguration section */

/* Begin XCConfigurationList section */
		84621B6E2D46EC0B0005F339 /* Build configuration list for PBXProject "Inhale15" */ = {
			isa = XCConfigurationList;
			buildConfigurations = (
				84621B9E2D46EC110005F339 /* Debug */,
				84621B9F2D46EC110005F339 /* Release */,
			);
			defaultConfigurationIsVisible = 0;
			defaultConfigurationName = Release;
		};
		84621BA02D46EC110005F339 /* Build configuration list for PBXNativeTarget "Inhale15" */ = {
			isa = XCConfigurationList;
			buildConfigurations = (
				84621BA12D46EC110005F339 /* Debug */,
				84621BA22D46EC110005F339 /* Release */,
			);
			defaultConfigurationIsVisible = 0;
			defaultConfigurationName = Release;
		};
		84621BA32D46EC110005F339 /* Build configuration list for PBXNativeTarget "Inhale15Tests" */ = {
			isa = XCConfigurationList;
			buildConfigurations = (
				84621BA42D46EC110005F339 /* Debug */,
				84621BA52D46EC110005F339 /* Release */,
			);
			defaultConfigurationIsVisible = 0;
			defaultConfigurationName = Release;
		};
		84621BA62D46EC110005F339 /* Build configuration list for PBXNativeTarget "Inhale15UITests" */ = {
			isa = XCConfigurationList;
			buildConfigurations = (
				84621BA72D46EC110005F339 /* Debug */,
				84621BA82D46EC110005F339 /* Release */,
			);
			defaultConfigurationIsVisible = 0;
			defaultConfigurationName = Release;
		};
/* End XCConfigurationList section */

/* Begin XCRemoteSwiftPackageReference section */
		84621BA92D46EE830005F339 /* XCRemoteSwiftPackageReference "SnapKit" */ = {
			isa = XCRemoteSwiftPackageReference;
			repositoryURL = "https://github.com/SnapKit/SnapKit";
			requirement = {
				kind = upToNextMajorVersion;
				minimumVersion = 5.0.0;
			};
		};
		84829D1E2D4AD64A0009CC11 /* XCRemoteSwiftPackageReference "lottie-ios" */ = {
			isa = XCRemoteSwiftPackageReference;
			repositoryURL = "https://github.com/airbnb/lottie-ios";
			requirement = {
				kind = upToNextMajorVersion;
				minimumVersion = 4.0.0;
			};
		};
/* End XCRemoteSwiftPackageReference section */

/* Begin XCSwiftPackageProductDependency section */
		84621BAA2D46EE830005F339 /* SnapKit */ = {
			isa = XCSwiftPackageProductDependency;
			package = 84621BA92D46EE830005F339 /* XCRemoteSwiftPackageReference "SnapKit" */;
			productName = SnapKit;
		};
		84829D1F2D4AD64A0009CC11 /* Lottie */ = {
			isa = XCSwiftPackageProductDependency;
			package = 84829D1E2D4AD64A0009CC11 /* XCRemoteSwiftPackageReference "lottie-ios" */;
			productName = Lottie;
		};
/* End XCSwiftPackageProductDependency section */

/* Begin XCVersionGroup section */
		842B55CA2D4F7E6A008301BE /* Model.xcdatamodeld */ = {
			isa = XCVersionGroup;
			children = (
				842B55CB2D4F7E6A008301BE /* Model.xcdatamodel */,
			);
			currentVersion = 842B55CB2D4F7E6A008301BE /* Model.xcdatamodel */;
			path = Model.xcdatamodeld;
			sourceTree = "<group>";
			versionGroupType = wrapper.xcdatamodel;
		};
		84621B7F2D46EC0B0005F339 /* Inhale15.xcdatamodeld */ = {
			isa = XCVersionGroup;
			children = (
				84621B802D46EC0B0005F339 /* Inhale15.xcdatamodel */,
			);
			currentVersion = 84621B802D46EC0B0005F339 /* Inhale15.xcdatamodel */;
			path = Inhale15.xcdatamodeld;
			sourceTree = "<group>";
			versionGroupType = wrapper.xcdatamodel;
		};
/* End XCVersionGroup section */
	};
	rootObject = 84621B6B2D46EC0B0005F339 /* Project object */;
}
